
Microsoft Visual Studio Solution File, Format Version 12.00
# Visual Studio 14
VisualStudioVersion = 14.0.25420.1
MinimumVisualStudioVersion = 10.0.40219.1
Project("{8BC9CEB8-8B4A-11D0-8D11-00A0C91BC942}") = "ShaferKEx1", "ShaferKEx1.vcxproj", "{3E105758-0B8B-464C-B131-CBDEED9509F6}"
EndProject
Project("{2150E333-8FDC-42A3-9474-1A3956D46DE8}") = "Solution Items", "Solution Items", "{882884EE-5E72-4943-A813-1C59315F5470}"
	ProjectSection(SolutionItems) = preProject
		Ex1ScreenOutput.txt = Ex1ScreenOutput.txt
	EndProjectSection
EndProject
Global
	GlobalSection(SolutionConfigurationPlatforms) = preSolution
		Debug|x64 = Debug|x64
		Debug|x86 = Debug|x86
		Release|x64 = Release|x64
		Release|x86 = Release|x86
	EndGlobalSection
	GlobalSection(ProjectConfigurationPlatforms) = postSolution
		{3E105758-0B8B-464C-B131-CBDEED9509F6}.Debug|x64.ActiveCfg = Debug|x64
		{3E105758-0B8B-464C-B131-CBDEED9509F6}.Debug|x64.Build.0 = Debug|x64
		{3E105758-0B8B-464C-B131-CBDEED9509F6}.Debug|x86.ActiveCfg = Debug|Win32
		{3E105758-0B8B-464C-B131-CBDEED9509F6}.Debug|x86.Build.0 = Debug|Win32
		{3E105758-0B8B-464C-B131-CBDEED9509F6}.Release|x64.ActiveCfg = Release|x64
		{3E105758-0B8B-464C-B131-CBDEED9509F6}.Release|x64.Build.0 = Release|x64
		{3E105758-0B8B-464C-B131-CBDEED9509F6}.Release|x86.ActiveCfg = Release|Win32
		{3E105758-0B8B-464C-B131-CBDEED9509F6}.Release|x86.Build.0 = Release|Win32
	EndGlobalSection
	GlobalSection(SolutionProperties) = preSolution
		HideSolutionNode = FALSE
	EndGlobalSection
EndGlobal
